
Microsoft Visual Studio Solution File, Format Version 12.00
# Visual Studio Version 17
VisualStudioVersion = 17.14.36414.22 d17.14
MinimumVisualStudioVersion = 10.0.40219.1
Project("{FAE04EC0-301F-11D3-BF4B-00C04F79EFBC}") = "FileHelper.ClassLibrary", "FileHelper.ClassLibrary\FileHelper.ClassLibrary.csproj", "{C34EF932-E0CB-4594-B7AE-63D0C3C1BC2F}"
EndProject
Project("{FAE04EC0-301F-11D3-BF4B-00C04F79EFBC}") = "FileHelper.NuniTests", "FileHelper.NuniTests\FileHelper.NuniTests.csproj", "{9D911B65-9272-4B85-BE79-7D09AEA1610E}"
EndProject
Global
	GlobalSection(SolutionConfigurationPlatforms) = preSolution
		Debug|Any CPU = Debug|Any CPU
		Release|Any CPU = Release|Any CPU
	EndGlobalSection
	GlobalSection(ProjectConfigurationPlatforms) = postSolution
		{C34EF932-E0CB-4594-B7AE-63D0C3C1BC2F}.Debug|Any CPU.ActiveCfg = Debug|Any CPU
		{C34EF932-E0CB-4594-B7AE-63D0C3C1BC2F}.Debug|Any CPU.Build.0 = Debug|Any CPU
		{C34EF932-E0CB-4594-B7AE-63D0C3C1BC2F}.Release|Any CPU.ActiveCfg = Release|Any CPU
		{C34EF932-E0CB-4594-B7AE-63D0C3C1BC2F}.Release|Any CPU.Build.0 = Release|Any CPU
		{9D911B65-9272-4B85-BE79-7D09AEA1610E}.Debug|Any CPU.ActiveCfg = Debug|Any CPU
		{9D911B65-9272-4B85-BE79-7D09AEA1610E}.Debug|Any CPU.Build.0 = Debug|Any CPU
		{9D911B65-9272-4B85-BE79-7D09AEA1610E}.Release|Any CPU.ActiveCfg = Release|Any CPU
		{9D911B65-9272-4B85-BE79-7D09AEA1610E}.Release|Any CPU.Build.0 = Release|Any CPU
	EndGlobalSection
	GlobalSection(SolutionProperties) = preSolution
		HideSolutionNode = FALSE
	EndGlobalSection
	GlobalSection(ExtensibilityGlobals) = postSolution
		SolutionGuid = {96F8BF03-9F45-433B-95A2-D4F45B93A22F}
	EndGlobalSection
EndGlobal
